
Microsoft Visual Studio Solution File, Format Version 12.00
# Visual Studio 2015
Project("{FAE04EC0-301F-11D3-BF4B-00C04F79EFBC}") = "Bomberman", "Bomberman.csproj", "{F727C445-6390-3EED-53EB-B06A5F58FFDF}"
EndProject
Global
	GlobalSection(SolutionConfigurationPlatforms) = preSolution
		Debug|Any CPU = Debug|Any CPU
		Release|Any CPU = Release|Any CPU
	EndGlobalSection
	GlobalSection(ProjectConfigurationPlatforms) = postSolution
		{F727C445-6390-3EED-53EB-B06A5F58FFDF}.Debug|Any CPU.ActiveCfg = Debug|Any CPU
		{F727C445-6390-3EED-53EB-B06A5F58FFDF}.Debug|Any CPU.Build.0 = Debug|Any CPU
		{F727C445-6390-3EED-53EB-B06A5F58FFDF}.Release|Any CPU.ActiveCfg = Release|Any CPU
		{F727C445-6390-3EED-53EB-B06A5F58FFDF}.Release|Any CPU.Build.0 = Release|Any CPU
	EndGlobalSection
	GlobalSection(SolutionProperties) = preSolution
		HideSolutionNode = FALSE
	EndGlobalSection
EndGlobal
